// !$*UTF8*$!
{
	archiveVersion = 1;
	classes = {
	};
	objectVersion = 77;
	objects = {

/* Begin PBXBuildFile section */
		053986052CDCAC3000E709AC /* PhotoGetherNetwork.framework in Frameworks */ = {isa = PBXBuildFile; fileRef = 053986042CDCAC3000E709AC /* PhotoGetherNetwork.framework */; };
		053986062CDCAC3000E709AC /* PhotoGetherNetwork.framework in Embed Frameworks */ = {isa = PBXBuildFile; fileRef = 053986042CDCAC3000E709AC /* PhotoGetherNetwork.framework */; settings = {ATTRIBUTES = (CodeSignOnCopy, RemoveHeadersOnCopy, ); }; };
		0584AAC22CDEF91800ED923C /* Secrets.xcconfig in Resources */ = {isa = PBXBuildFile; fileRef = 0584AAC12CDEF91800ED923C /* Secrets.xcconfig */; };
		60CB81FA2CDA450D00873DD6 /* AppDelegate.swift in Sources */ = {isa = PBXBuildFile; fileRef = 60CB81F22CDA450D00873DD6 /* AppDelegate.swift */; };
		60CB81FB2CDA450D00873DD6 /* SceneDelegate.swift in Sources */ = {isa = PBXBuildFile; fileRef = 60CB81F72CDA450D00873DD6 /* SceneDelegate.swift */; };
		60CB81FC2CDA450D00873DD6 /* ViewController.swift in Sources */ = {isa = PBXBuildFile; fileRef = 60CB81F82CDA450D00873DD6 /* ViewController.swift */; };
		60CB81FD2CDA450D00873DD6 /* Assets.xcassets in Resources */ = {isa = PBXBuildFile; fileRef = 60CB81F32CDA450D00873DD6 /* Assets.xcassets */; };
		60CB81FF2CDA450D00873DD6 /* LaunchScreen.storyboard in Resources */ = {isa = PBXBuildFile; fileRef = 60CB81F62CDA450D00873DD6 /* LaunchScreen.storyboard */; };
		7B17454A2CE35AE100E01D1A /* PhotoGetherDomain.framework in Frameworks */ = {isa = PBXBuildFile; fileRef = 7B1745492CE35AE100E01D1A /* PhotoGetherDomain.framework */; };
		7B17454B2CE35AE100E01D1A /* PhotoGetherDomain.framework in Embed Frameworks */ = {isa = PBXBuildFile; fileRef = 7B1745492CE35AE100E01D1A /* PhotoGetherDomain.framework */; settings = {ATTRIBUTES = (CodeSignOnCopy, RemoveHeadersOnCopy, ); }; };
		7B17454D2CE35AE700E01D1A /* PhotoGetherDomainInterface.framework in Frameworks */ = {isa = PBXBuildFile; fileRef = 7B17454C2CE35AE700E01D1A /* PhotoGetherDomainInterface.framework */; };
		7B17454E2CE35AE700E01D1A /* PhotoGetherDomainInterface.framework in Embed Frameworks */ = {isa = PBXBuildFile; fileRef = 7B17454C2CE35AE700E01D1A /* PhotoGetherDomainInterface.framework */; settings = {ATTRIBUTES = (CodeSignOnCopy, RemoveHeadersOnCopy, ); }; };
		7B17458F2CE6189000E01D1A /* WebRTC in Frameworks */ = {isa = PBXBuildFile; productRef = 7B17458E2CE6189000E01D1A /* WebRTC */; };
/* End PBXBuildFile section */

/* Begin PBXCopyFilesBuildPhase section */
		053986072CDCAC3000E709AC /* Embed Frameworks */ = {
			isa = PBXCopyFilesBuildPhase;
			buildActionMask = 2147483647;
			dstPath = "";
			dstSubfolderSpec = 10;
			files = (
				7B17454E2CE35AE700E01D1A /* PhotoGetherDomainInterface.framework in Embed Frameworks */,
				7B17454B2CE35AE100E01D1A /* PhotoGetherDomain.framework in Embed Frameworks */,
				053986062CDCAC3000E709AC /* PhotoGetherNetwork.framework in Embed Frameworks */,
			);
			name = "Embed Frameworks";
			runOnlyForDeploymentPostprocessing = 0;
		};
/* End PBXCopyFilesBuildPhase section */

/* Begin PBXFileReference section */
		053986042CDCAC3000E709AC /* PhotoGetherNetwork.framework */ = {isa = PBXFileReference; explicitFileType = wrapper.framework; path = PhotoGetherNetwork.framework; sourceTree = BUILT_PRODUCTS_DIR; };
		0584AAC12CDEF91800ED923C /* Secrets.xcconfig */ = {isa = PBXFileReference; lastKnownFileType = text.xcconfig; path = Secrets.xcconfig; sourceTree = "<group>"; };
		60CB81DA2CDA442700873DD6 /* PhotoGether.app */ = {isa = PBXFileReference; explicitFileType = wrapper.application; includeInIndex = 0; path = PhotoGether.app; sourceTree = BUILT_PRODUCTS_DIR; };
		60CB81F22CDA450D00873DD6 /* AppDelegate.swift */ = {isa = PBXFileReference; lastKnownFileType = sourcecode.swift; path = AppDelegate.swift; sourceTree = "<group>"; };
		60CB81F32CDA450D00873DD6 /* Assets.xcassets */ = {isa = PBXFileReference; lastKnownFileType = folder.assetcatalog; path = Assets.xcassets; sourceTree = "<group>"; };
		60CB81F42CDA450D00873DD6 /* Info.plist */ = {isa = PBXFileReference; lastKnownFileType = text.plist.xml; path = Info.plist; sourceTree = "<group>"; };
		60CB81F52CDA450D00873DD6 /* Base */ = {isa = PBXFileReference; lastKnownFileType = file.storyboard; name = Base; path = Base.lproj/LaunchScreen.storyboard; sourceTree = "<group>"; };
		60CB81F72CDA450D00873DD6 /* SceneDelegate.swift */ = {isa = PBXFileReference; lastKnownFileType = sourcecode.swift; path = SceneDelegate.swift; sourceTree = "<group>"; };
		60CB81F82CDA450D00873DD6 /* ViewController.swift */ = {isa = PBXFileReference; lastKnownFileType = sourcecode.swift; path = ViewController.swift; sourceTree = "<group>"; };
		7B1745492CE35AE100E01D1A /* PhotoGetherDomain.framework */ = {isa = PBXFileReference; explicitFileType = wrapper.framework; path = PhotoGetherDomain.framework; sourceTree = BUILT_PRODUCTS_DIR; };
		7B17454C2CE35AE700E01D1A /* PhotoGetherDomainInterface.framework */ = {isa = PBXFileReference; explicitFileType = wrapper.framework; path = PhotoGetherDomainInterface.framework; sourceTree = BUILT_PRODUCTS_DIR; };
/* End PBXFileReference section */

/* Begin PBXFrameworksBuildPhase section */
		60CB81D72CDA442700873DD6 /* Frameworks */ = {
			isa = PBXFrameworksBuildPhase;
			buildActionMask = 2147483647;
			files = (
				053986052CDCAC3000E709AC /* PhotoGetherNetwork.framework in Frameworks */,
				7B17458F2CE6189000E01D1A /* WebRTC in Frameworks */,
				7B17454D2CE35AE700E01D1A /* PhotoGetherDomainInterface.framework in Frameworks */,
				7B17454A2CE35AE100E01D1A /* PhotoGetherDomain.framework in Frameworks */,
			);
			runOnlyForDeploymentPostprocessing = 0;
		};
/* End PBXFrameworksBuildPhase section */

/* Begin PBXGroup section */
		053986032CDCAC3000E709AC /* Frameworks */ = {
			isa = PBXGroup;
			children = (
				7B17454C2CE35AE700E01D1A /* PhotoGetherDomainInterface.framework */,
				7B1745492CE35AE100E01D1A /* PhotoGetherDomain.framework */,
				053986042CDCAC3000E709AC /* PhotoGetherNetwork.framework */,
			);
			name = Frameworks;
			sourceTree = "<group>";
		};
		60CB81D12CDA442700873DD6 = {
			isa = PBXGroup;
			children = (
				60CB81F92CDA450D00873DD6 /* PhotoGether */,
				053986032CDCAC3000E709AC /* Frameworks */,
				60CB81DB2CDA442700873DD6 /* Products */,
			);
			sourceTree = "<group>";
		};
		60CB81DB2CDA442700873DD6 /* Products */ = {
			isa = PBXGroup;
			children = (
				60CB81DA2CDA442700873DD6 /* PhotoGether.app */,
			);
			name = Products;
			sourceTree = "<group>";
		};
		60CB81F92CDA450D00873DD6 /* PhotoGether */ = {
			isa = PBXGroup;
			children = (
				60CB82032CDA499600873DD6 /* App */,
				60CB82012CDA48D900873DD6 /* Resource */,
				60CB82002CDA48CE00873DD6 /* Source */,
			);
			path = PhotoGether;
			sourceTree = "<group>";
		};
		60CB82002CDA48CE00873DD6 /* Source */ = {
			isa = PBXGroup;
			children = (
				60CB81F82CDA450D00873DD6 /* ViewController.swift */,
			);
			path = Source;
			sourceTree = "<group>";
		};
		60CB82012CDA48D900873DD6 /* Resource */ = {
			isa = PBXGroup;
			children = (
				60CB81F32CDA450D00873DD6 /* Assets.xcassets */,
				60CB81F42CDA450D00873DD6 /* Info.plist */,
				60CB81F62CDA450D00873DD6 /* LaunchScreen.storyboard */,
				0584AAC12CDEF91800ED923C /* Secrets.xcconfig */,
			);
			path = Resource;
			sourceTree = "<group>";
		};
		60CB82032CDA499600873DD6 /* App */ = {
			isa = PBXGroup;
			children = (
				60CB81F22CDA450D00873DD6 /* AppDelegate.swift */,
				60CB81F72CDA450D00873DD6 /* SceneDelegate.swift */,
			);
			path = App;
			sourceTree = "<group>";
		};
/* End PBXGroup section */

/* Begin PBXNativeTarget section */
		60CB81D92CDA442700873DD6 /* PhotoGether */ = {
			isa = PBXNativeTarget;
			buildConfigurationList = 60CB81ED2CDA442900873DD6 /* Build configuration list for PBXNativeTarget "PhotoGether" */;
			buildPhases = (
				60CB81D62CDA442700873DD6 /* Sources */,
				7B0318C02CDBA6FF0026C613 /* SwiftLint */,
				60CB81D72CDA442700873DD6 /* Frameworks */,
				60CB81D82CDA442700873DD6 /* Resources */,
				053986072CDCAC3000E709AC /* Embed Frameworks */,
			);
			buildRules = (
			);
			dependencies = (
			);
			name = PhotoGether;
			packageProductDependencies = (
				7B17458E2CE6189000E01D1A /* WebRTC */,
			);
			productName = PhotoGether;
			productReference = 60CB81DA2CDA442700873DD6 /* PhotoGether.app */;
			productType = "com.apple.product-type.application";
		};
/* End PBXNativeTarget section */

/* Begin PBXProject section */
		60CB81D22CDA442700873DD6 /* Project object */ = {
			isa = PBXProject;
			attributes = {
				BuildIndependentTargetsInParallel = 1;
				LastSwiftUpdateCheck = 1600;
				LastUpgradeCheck = 1600;
				TargetAttributes = {
					60CB81D92CDA442700873DD6 = {
						CreatedOnToolsVersion = 16.0;
					};
				};
			};
			buildConfigurationList = 60CB81D52CDA442700873DD6 /* Build configuration list for PBXProject "PhotoGether" */;
			developmentRegion = en;
			hasScannedForEncodings = 0;
			knownRegions = (
				en,
				Base,
			);
			mainGroup = 60CB81D12CDA442700873DD6;
			minimizedProjectReferenceProxies = 1;
			packageReferences = (
				7B0318C12CDBA8A30026C613 /* XCRemoteSwiftPackageReference "SwiftLint" */,
				7B17458D2CE6189000E01D1A /* XCRemoteSwiftPackageReference "WebRTC" */,
			);
			preferredProjectObjectVersion = 77;
			productRefGroup = 60CB81DB2CDA442700873DD6 /* Products */;
			projectDirPath = "";
			projectRoot = "";
			targets = (
				60CB81D92CDA442700873DD6 /* PhotoGether */,
			);
		};
/* End PBXProject section */

/* Begin PBXResourcesBuildPhase section */
		60CB81D82CDA442700873DD6 /* Resources */ = {
			isa = PBXResourcesBuildPhase;
			buildActionMask = 2147483647;
			files = (
				0584AAC22CDEF91800ED923C /* Secrets.xcconfig in Resources */,
				60CB81FD2CDA450D00873DD6 /* Assets.xcassets in Resources */,
				60CB81FF2CDA450D00873DD6 /* LaunchScreen.storyboard in Resources */,
			);
			runOnlyForDeploymentPostprocessing = 0;
		};
/* End PBXResourcesBuildPhase section */

/* Begin PBXShellScriptBuildPhase section */
		7B0318C02CDBA6FF0026C613 /* SwiftLint */ = {
			isa = PBXShellScriptBuildPhase;
			buildActionMask = 2147483647;
			files = (
			);
			inputFileListPaths = (
			);
			inputPaths = (
			);
			name = SwiftLint;
			outputFileListPaths = (
			);
			outputPaths = (
			);
			runOnlyForDeploymentPostprocessing = 0;
			shellPath = /bin/sh;
			shellScript = "./Scripts/SwiftLintRunScript.sh\n";
		};
/* End PBXShellScriptBuildPhase section */

/* Begin PBXSourcesBuildPhase section */
		60CB81D62CDA442700873DD6 /* Sources */ = {
			isa = PBXSourcesBuildPhase;
			buildActionMask = 2147483647;
			files = (
				60CB81FA2CDA450D00873DD6 /* AppDelegate.swift in Sources */,
				60CB81FB2CDA450D00873DD6 /* SceneDelegate.swift in Sources */,
				60CB81FC2CDA450D00873DD6 /* ViewController.swift in Sources */,
			);
			runOnlyForDeploymentPostprocessing = 0;
		};
/* End PBXSourcesBuildPhase section */

/* Begin PBXVariantGroup section */
		60CB81F62CDA450D00873DD6 /* LaunchScreen.storyboard */ = {
			isa = PBXVariantGroup;
			children = (
				60CB81F52CDA450D00873DD6 /* Base */,
			);
			name = LaunchScreen.storyboard;
			sourceTree = "<group>";
		};
/* End PBXVariantGroup section */

/* Begin XCBuildConfiguration section */
		60CB81EE2CDA442900873DD6 /* Debug */ = {
			isa = XCBuildConfiguration;
			buildSettings = {
				ASSETCATALOG_COMPILER_APPICON_NAME = AppIcon;
				ASSETCATALOG_COMPILER_GLOBAL_ACCENT_COLOR_NAME = AccentColor;
				CODE_SIGN_STYLE = Automatic;
				CURRENT_PROJECT_VERSION = 1;
				DEVELOPMENT_TEAM = B3PWYBKFUK;
				ENABLE_APP_SANDBOX = NO;
				ENABLE_USER_SCRIPT_SANDBOXING = NO;
				GENERATE_INFOPLIST_FILE = YES;
				INFOPLIST_FILE = PhotoGether/Resource/Info.plist;
				INFOPLIST_KEY_CFBundleDisplayName = "포토게더";
				INFOPLIST_KEY_LSApplicationCategoryType = "public.app-category.photography";
				INFOPLIST_KEY_UIApplicationSupportsIndirectInputEvents = YES;
				INFOPLIST_KEY_UILaunchStoryboardName = LaunchScreen;
				INFOPLIST_KEY_UISupportedInterfaceOrientations = UIInterfaceOrientationPortrait;
				INFOPLIST_KEY_UISupportedInterfaceOrientations_iPad = UIInterfaceOrientationLandscapeRight;
				IPHONEOS_DEPLOYMENT_TARGET = 16.0;
				LD_RUNPATH_SEARCH_PATHS = (
					"$(inherited)",
					"@executable_path/Frameworks",
				);
				MARKETING_VERSION = 1.0;
				PRODUCT_BUNDLE_IDENTIFIER = kr.codesquad.boostcamp9.PhotoGether;
				PRODUCT_NAME = "$(TARGET_NAME)";
				SUPPORTED_PLATFORMS = "iphoneos iphonesimulator";
				SUPPORTS_MACCATALYST = NO;
				SUPPORTS_MAC_DESIGNED_FOR_IPHONE_IPAD = NO;
				SUPPORTS_XR_DESIGNED_FOR_IPHONE_IPAD = NO;
				SWIFT_EMIT_LOC_STRINGS = YES;
				SWIFT_VERSION = 5.0;
				TARGETED_DEVICE_FAMILY = 1;
			};
			name = Debug;
		};
		60CB81EF2CDA442900873DD6 /* Release */ = {
			isa = XCBuildConfiguration;
			buildSettings = {
				ASSETCATALOG_COMPILER_APPICON_NAME = AppIcon;
				ASSETCATALOG_COMPILER_GLOBAL_ACCENT_COLOR_NAME = AccentColor;
				CODE_SIGN_STYLE = Automatic;
				CURRENT_PROJECT_VERSION = 1;
				DEVELOPMENT_TEAM = B3PWYBKFUK;
				ENABLE_APP_SANDBOX = NO;
				ENABLE_USER_SCRIPT_SANDBOXING = NO;
				GENERATE_INFOPLIST_FILE = YES;
				INFOPLIST_FILE = PhotoGether/Resource/Info.plist;
				INFOPLIST_KEY_CFBundleDisplayName = "포토게더";
				INFOPLIST_KEY_LSApplicationCategoryType = "public.app-category.photography";
				INFOPLIST_KEY_UIApplicationSupportsIndirectInputEvents = YES;
				INFOPLIST_KEY_UILaunchStoryboardName = LaunchScreen;
				INFOPLIST_KEY_UISupportedInterfaceOrientations = UIInterfaceOrientationPortrait;
				INFOPLIST_KEY_UISupportedInterfaceOrientations_iPad = UIInterfaceOrientationLandscapeRight;
				IPHONEOS_DEPLOYMENT_TARGET = 16.0;
				LD_RUNPATH_SEARCH_PATHS = (
					"$(inherited)",
					"@executable_path/Frameworks",
				);
				MARKETING_VERSION = 1.0;
				PRODUCT_BUNDLE_IDENTIFIER = kr.codesquad.boostcamp9.PhotoGether;
				PRODUCT_NAME = "$(TARGET_NAME)";
				SUPPORTED_PLATFORMS = "iphoneos iphonesimulator";
				SUPPORTS_MACCATALYST = NO;
				SUPPORTS_MAC_DESIGNED_FOR_IPHONE_IPAD = NO;
				SUPPORTS_XR_DESIGNED_FOR_IPHONE_IPAD = NO;
				SWIFT_EMIT_LOC_STRINGS = YES;
				SWIFT_VERSION = 5.0;
				TARGETED_DEVICE_FAMILY = 1;
			};
			name = Release;
		};
		60CB81F02CDA442900873DD6 /* Debug */ = {
			isa = XCBuildConfiguration;
			baseConfigurationReference = 0584AAC12CDEF91800ED923C /* Secrets.xcconfig */;
			buildSettings = {
				ALWAYS_SEARCH_USER_PATHS = NO;
				ASSETCATALOG_COMPILER_GENERATE_SWIFT_ASSET_SYMBOL_EXTENSIONS = YES;
				CLANG_ANALYZER_NONNULL = YES;
				CLANG_ANALYZER_NUMBER_OBJECT_CONVERSION = YES_AGGRESSIVE;
				CLANG_CXX_LANGUAGE_STANDARD = "gnu++20";
				CLANG_ENABLE_MODULES = YES;
				CLANG_ENABLE_OBJC_ARC = YES;
				CLANG_ENABLE_OBJC_WEAK = YES;
				CLANG_WARN_BLOCK_CAPTURE_AUTORELEASING = YES;
				CLANG_WARN_BOOL_CONVERSION = YES;
				CLANG_WARN_COMMA = YES;
				CLANG_WARN_CONSTANT_CONVERSION = YES;
				CLANG_WARN_DEPRECATED_OBJC_IMPLEMENTATIONS = YES;
				CLANG_WARN_DIRECT_OBJC_ISA_USAGE = YES_ERROR;
				CLANG_WARN_DOCUMENTATION_COMMENTS = YES;
				CLANG_WARN_EMPTY_BODY = YES;
				CLANG_WARN_ENUM_CONVERSION = YES;
				CLANG_WARN_INFINITE_RECURSION = YES;
				CLANG_WARN_INT_CONVERSION = YES;
				CLANG_WARN_NON_LITERAL_NULL_CONVERSION = YES;
				CLANG_WARN_OBJC_IMPLICIT_RETAIN_SELF = YES;
				CLANG_WARN_OBJC_LITERAL_CONVERSION = YES;
				CLANG_WARN_OBJC_ROOT_CLASS = YES_ERROR;
				CLANG_WARN_QUOTED_INCLUDE_IN_FRAMEWORK_HEADER = YES;
				CLANG_WARN_RANGE_LOOP_ANALYSIS = YES;
				CLANG_WARN_STRICT_PROTOTYPES = YES;
				CLANG_WARN_SUSPICIOUS_MOVE = YES;
				CLANG_WARN_UNGUARDED_AVAILABILITY = YES_AGGRESSIVE;
				CLANG_WARN_UNREACHABLE_CODE = YES;
				CLANG_WARN__DUPLICATE_METHOD_MATCH = YES;
				COPY_PHASE_STRIP = NO;
				DEBUG_INFORMATION_FORMAT = dwarf;
				ENABLE_STRICT_OBJC_MSGSEND = YES;
				ENABLE_TESTABILITY = YES;
				ENABLE_USER_SCRIPT_SANDBOXING = YES;
				GCC_C_LANGUAGE_STANDARD = gnu17;
				GCC_DYNAMIC_NO_PIC = NO;
				GCC_NO_COMMON_BLOCKS = YES;
				GCC_OPTIMIZATION_LEVEL = 0;
				GCC_PREPROCESSOR_DEFINITIONS = (
					"DEBUG=1",
					"$(inherited)",
				);
				GCC_WARN_64_TO_32_BIT_CONVERSION = YES;
				GCC_WARN_ABOUT_RETURN_TYPE = YES_ERROR;
				GCC_WARN_UNDECLARED_SELECTOR = YES;
				GCC_WARN_UNINITIALIZED_AUTOS = YES_AGGRESSIVE;
				GCC_WARN_UNUSED_FUNCTION = YES;
				GCC_WARN_UNUSED_VARIABLE = YES;
				IPHONEOS_DEPLOYMENT_TARGET = 18.0;
				LOCALIZATION_PREFERS_STRING_CATALOGS = YES;
				MTL_ENABLE_DEBUG_INFO = INCLUDE_SOURCE;
				MTL_FAST_MATH = YES;
				ONLY_ACTIVE_ARCH = YES;
				SDKROOT = iphoneos;
				SWIFT_ACTIVE_COMPILATION_CONDITIONS = "DEBUG $(inherited)";
				SWIFT_EMIT_LOC_STRINGS = YES;
				SWIFT_OPTIMIZATION_LEVEL = "-Onone";
			};
			name = Debug;
		};
		60CB81F12CDA442900873DD6 /* Release */ = {
			isa = XCBuildConfiguration;
			baseConfigurationReference = 0584AAC12CDEF91800ED923C /* Secrets.xcconfig */;
			buildSettings = {
				ALWAYS_SEARCH_USER_PATHS = NO;
				ASSETCATALOG_COMPILER_GENERATE_SWIFT_ASSET_SYMBOL_EXTENSIONS = YES;
				CLANG_ANALYZER_NONNULL = YES;
				CLANG_ANALYZER_NUMBER_OBJECT_CONVERSION = YES_AGGRESSIVE;
				CLANG_CXX_LANGUAGE_STANDARD = "gnu++20";
				CLANG_ENABLE_MODULES = YES;
				CLANG_ENABLE_OBJC_ARC = YES;
				CLANG_ENABLE_OBJC_WEAK = YES;
				CLANG_WARN_BLOCK_CAPTURE_AUTORELEASING = YES;
				CLANG_WARN_BOOL_CONVERSION = YES;
				CLANG_WARN_COMMA = YES;
				CLANG_WARN_CONSTANT_CONVERSION = YES;
				CLANG_WARN_DEPRECATED_OBJC_IMPLEMENTATIONS = YES;
				CLANG_WARN_DIRECT_OBJC_ISA_USAGE = YES_ERROR;
				CLANG_WARN_DOCUMENTATION_COMMENTS = YES;
				CLANG_WARN_EMPTY_BODY = YES;
				CLANG_WARN_ENUM_CONVERSION = YES;
				CLANG_WARN_INFINITE_RECURSION = YES;
				CLANG_WARN_INT_CONVERSION = YES;
				CLANG_WARN_NON_LITERAL_NULL_CONVERSION = YES;
				CLANG_WARN_OBJC_IMPLICIT_RETAIN_SELF = YES;
				CLANG_WARN_OBJC_LITERAL_CONVERSION = YES;
				CLANG_WARN_OBJC_ROOT_CLASS = YES_ERROR;
				CLANG_WARN_QUOTED_INCLUDE_IN_FRAMEWORK_HEADER = YES;
				CLANG_WARN_RANGE_LOOP_ANALYSIS = YES;
				CLANG_WARN_STRICT_PROTOTYPES = YES;
				CLANG_WARN_SUSPICIOUS_MOVE = YES;
				CLANG_WARN_UNGUARDED_AVAILABILITY = YES_AGGRESSIVE;
				CLANG_WARN_UNREACHABLE_CODE = YES;
				CLANG_WARN__DUPLICATE_METHOD_MATCH = YES;
				COPY_PHASE_STRIP = NO;
				DEBUG_INFORMATION_FORMAT = "dwarf-with-dsym";
				ENABLE_NS_ASSERTIONS = NO;
				ENABLE_STRICT_OBJC_MSGSEND = YES;
				ENABLE_USER_SCRIPT_SANDBOXING = YES;
				GCC_C_LANGUAGE_STANDARD = gnu17;
				GCC_NO_COMMON_BLOCKS = YES;
				GCC_WARN_64_TO_32_BIT_CONVERSION = YES;
				GCC_WARN_ABOUT_RETURN_TYPE = YES_ERROR;
				GCC_WARN_UNDECLARED_SELECTOR = YES;
				GCC_WARN_UNINITIALIZED_AUTOS = YES_AGGRESSIVE;
				GCC_WARN_UNUSED_FUNCTION = YES;
				GCC_WARN_UNUSED_VARIABLE = YES;
				IPHONEOS_DEPLOYMENT_TARGET = 18.0;
				LOCALIZATION_PREFERS_STRING_CATALOGS = YES;
				MTL_ENABLE_DEBUG_INFO = NO;
				MTL_FAST_MATH = YES;
				SDKROOT = iphoneos;
				SWIFT_COMPILATION_MODE = wholemodule;
				SWIFT_EMIT_LOC_STRINGS = YES;
				VALIDATE_PRODUCT = YES;
			};
			name = Release;
		};
/* End XCBuildConfiguration section */

/* Begin XCConfigurationList section */
		60CB81D52CDA442700873DD6 /* Build configuration list for PBXProject "PhotoGether" */ = {
			isa = XCConfigurationList;
			buildConfigurations = (
				60CB81F02CDA442900873DD6 /* Debug */,
				60CB81F12CDA442900873DD6 /* Release */,
			);
			defaultConfigurationIsVisible = 0;
			defaultConfigurationName = Release;
		};
		60CB81ED2CDA442900873DD6 /* Build configuration list for PBXNativeTarget "PhotoGether" */ = {
			isa = XCConfigurationList;
			buildConfigurations = (
				60CB81EE2CDA442900873DD6 /* Debug */,
				60CB81EF2CDA442900873DD6 /* Release */,
			);
			defaultConfigurationIsVisible = 0;
			defaultConfigurationName = Release;
		};
/* End XCConfigurationList section */

/* Begin XCRemoteSwiftPackageReference section */
		7B0318C12CDBA8A30026C613 /* XCRemoteSwiftPackageReference "SwiftLint" */ = {
			isa = XCRemoteSwiftPackageReference;
			repositoryURL = "https://github.com/realm/SwiftLint";
			requirement = {
				kind = upToNextMajorVersion;
				minimumVersion = 0.57.0;
			};
		};
		7B17458D2CE6189000E01D1A /* XCRemoteSwiftPackageReference "WebRTC" */ = {
			isa = XCRemoteSwiftPackageReference;
			repositoryURL = "https://github.com/stasel/WebRTC";
			requirement = {
				kind = upToNextMajorVersion;
				minimumVersion = 130.0.0;
			};
		};
/* End XCRemoteSwiftPackageReference section */

/* Begin XCSwiftPackageProductDependency section */
		7B17458E2CE6189000E01D1A /* WebRTC */ = {
			isa = XCSwiftPackageProductDependency;
			package = 7B17458D2CE6189000E01D1A /* XCRemoteSwiftPackageReference "WebRTC" */;
			productName = WebRTC;
		};
/* End XCSwiftPackageProductDependency section */
	};
	rootObject = 60CB81D22CDA442700873DD6 /* Project object */;
}
