// !$*UTF8*$!
{
	archiveVersion = 1;
	classes = {
	};
	objectVersion = 77;
	objects = {

/* Begin PBXBuildFile section */
		608ED9B02CED9E3900A2577E /* PhotoGetherDomainInterface.framework in Frameworks */ = {isa = PBXBuildFile; fileRef = 608ED9AF2CED9E3900A2577E /* PhotoGetherDomainInterface.framework */; };
		608ED9B12CED9E3900A2577E /* PhotoGetherDomainInterface.framework in Embed Frameworks */ = {isa = PBXBuildFile; fileRef = 608ED9AF2CED9E3900A2577E /* PhotoGetherDomainInterface.framework */; settings = {ATTRIBUTES = (CodeSignOnCopy, RemoveHeadersOnCopy, ); }; };
		608ED9B32CED9E3F00A2577E /* PhotoGetherDomainTesting.framework in Frameworks */ = {isa = PBXBuildFile; fileRef = 608ED9B22CED9E3F00A2577E /* PhotoGetherDomainTesting.framework */; };
		608ED9B42CED9E3F00A2577E /* PhotoGetherDomainTesting.framework in Embed Frameworks */ = {isa = PBXBuildFile; fileRef = 608ED9B22CED9E3F00A2577E /* PhotoGetherDomainTesting.framework */; settings = {ATTRIBUTES = (CodeSignOnCopy, RemoveHeadersOnCopy, ); }; };
		7B5950F82CDB590C00B89C85 /* EditPhotoRoomFeature.framework in Frameworks */ = {isa = PBXBuildFile; fileRef = 7B5950F42CDB590C00B89C85 /* EditPhotoRoomFeature.framework */; };
		7B5950F92CDB590C00B89C85 /* EditPhotoRoomFeature.framework in Embed Frameworks */ = {isa = PBXBuildFile; fileRef = 7B5950F42CDB590C00B89C85 /* EditPhotoRoomFeature.framework */; settings = {ATTRIBUTES = (CodeSignOnCopy, RemoveHeadersOnCopy, ); }; };
		7B5950FA2CDB590C00B89C85 /* PhotoRoomFeature.framework in Frameworks */ = {isa = PBXBuildFile; fileRef = 7B5950F52CDB590C00B89C85 /* PhotoRoomFeature.framework */; };
		7B5950FB2CDB590C00B89C85 /* PhotoRoomFeature.framework in Embed Frameworks */ = {isa = PBXBuildFile; fileRef = 7B5950F52CDB590C00B89C85 /* PhotoRoomFeature.framework */; settings = {ATTRIBUTES = (CodeSignOnCopy, RemoveHeadersOnCopy, ); }; };
		7B5950FC2CDB590C00B89C85 /* SharePhotoFeature.framework in Frameworks */ = {isa = PBXBuildFile; fileRef = 7B5950F62CDB590C00B89C85 /* SharePhotoFeature.framework */; };
		7B5950FD2CDB590C00B89C85 /* SharePhotoFeature.framework in Embed Frameworks */ = {isa = PBXBuildFile; fileRef = 7B5950F62CDB590C00B89C85 /* SharePhotoFeature.framework */; settings = {ATTRIBUTES = (CodeSignOnCopy, RemoveHeadersOnCopy, ); }; };
		7B5950FE2CDB590C00B89C85 /* WaitingRoomFeature.framework in Frameworks */ = {isa = PBXBuildFile; fileRef = 7B5950F72CDB590C00B89C85 /* WaitingRoomFeature.framework */; };
		7B5950FF2CDB590C00B89C85 /* WaitingRoomFeature.framework in Embed Frameworks */ = {isa = PBXBuildFile; fileRef = 7B5950F72CDB590C00B89C85 /* WaitingRoomFeature.framework */; settings = {ATTRIBUTES = (CodeSignOnCopy, RemoveHeadersOnCopy, ); }; };
/* End PBXBuildFile section */

/* Begin PBXCopyFilesBuildPhase section */
		7B5951002CDB590C00B89C85 /* Embed Frameworks */ = {
			isa = PBXCopyFilesBuildPhase;
			buildActionMask = 2147483647;
			dstPath = "";
			dstSubfolderSpec = 10;
			files = (
				7B5950FF2CDB590C00B89C85 /* WaitingRoomFeature.framework in Embed Frameworks */,
				60B05BB62CEDA65500843377 /* PhotoGetherDomainTesting.framework in Embed Frameworks */,
				7B5950F92CDB590C00B89C85 /* EditPhotoRoomFeature.framework in Embed Frameworks */,
				7B5950FB2CDB590C00B89C85 /* PhotoRoomFeature.framework in Embed Frameworks */,
				608ED9B42CED9E3F00A2577E /* PhotoGetherDomainTesting.framework in Embed Frameworks */,
				608ED9B12CED9E3900A2577E /* PhotoGetherDomainInterface.framework in Embed Frameworks */,
				7B5950FD2CDB590C00B89C85 /* SharePhotoFeature.framework in Embed Frameworks */,
			);
			name = "Embed Frameworks";
			runOnlyForDeploymentPostprocessing = 0;
		};
/* End PBXCopyFilesBuildPhase section */

/* Begin PBXFileReference section */
		608ED9AF2CED9E3900A2577E /* PhotoGetherDomainInterface.framework */ = {isa = PBXFileReference; explicitFileType = wrapper.framework; path = PhotoGetherDomainInterface.framework; sourceTree = BUILT_PRODUCTS_DIR; };
		608ED9B22CED9E3F00A2577E /* PhotoGetherDomainTesting.framework */ = {isa = PBXFileReference; explicitFileType = wrapper.framework; path = PhotoGetherDomainTesting.framework; sourceTree = BUILT_PRODUCTS_DIR; };
		7B5950E72CDB58F000B89C85 /* FeatureTesting.framework */ = {isa = PBXFileReference; explicitFileType = wrapper.framework; includeInIndex = 0; path = FeatureTesting.framework; sourceTree = BUILT_PRODUCTS_DIR; };
		7B5950F42CDB590C00B89C85 /* EditPhotoRoomFeature.framework */ = {isa = PBXFileReference; explicitFileType = wrapper.framework; path = EditPhotoRoomFeature.framework; sourceTree = BUILT_PRODUCTS_DIR; };
		7B5950F52CDB590C00B89C85 /* PhotoRoomFeature.framework */ = {isa = PBXFileReference; explicitFileType = wrapper.framework; path = PhotoRoomFeature.framework; sourceTree = BUILT_PRODUCTS_DIR; };
		7B5950F62CDB590C00B89C85 /* SharePhotoFeature.framework */ = {isa = PBXFileReference; explicitFileType = wrapper.framework; path = SharePhotoFeature.framework; sourceTree = BUILT_PRODUCTS_DIR; };
		7B5950F72CDB590C00B89C85 /* WaitingRoomFeature.framework */ = {isa = PBXFileReference; explicitFileType = wrapper.framework; path = WaitingRoomFeature.framework; sourceTree = BUILT_PRODUCTS_DIR; };
/* End PBXFileReference section */

/* Begin PBXFileSystemSynchronizedRootGroup section */
		7B1747142CE8EA1800E01D1A /* FeatureTesting */ = {
			isa = PBXFileSystemSynchronizedRootGroup;
			path = FeatureTesting;
			sourceTree = "<group>";
		};
/* End PBXFileSystemSynchronizedRootGroup section */

/* Begin PBXFrameworksBuildPhase section */
		7B5950E42CDB58F000B89C85 /* Frameworks */ = {
			isa = PBXFrameworksBuildPhase;
			buildActionMask = 2147483647;
			files = (
				7B5950FE2CDB590C00B89C85 /* WaitingRoomFeature.framework in Frameworks */,
				60B05BB52CEDA65500843377 /* PhotoGetherDomainTesting.framework in Frameworks */,
				7B5950F82CDB590C00B89C85 /* EditPhotoRoomFeature.framework in Frameworks */,
				7B5950FA2CDB590C00B89C85 /* PhotoRoomFeature.framework in Frameworks */,
				608ED9B32CED9E3F00A2577E /* PhotoGetherDomainTesting.framework in Frameworks */,
				608ED9B02CED9E3900A2577E /* PhotoGetherDomainInterface.framework in Frameworks */,
				7B5950FC2CDB590C00B89C85 /* SharePhotoFeature.framework in Frameworks */,
			);
			runOnlyForDeploymentPostprocessing = 0;
		};
/* End PBXFrameworksBuildPhase section */

/* Begin PBXGroup section */
		7B5950DD2CDB58F000B89C85 = {
			isa = PBXGroup;
			children = (
				7B1747142CE8EA1800E01D1A /* FeatureTesting */,
				7B5950F32CDB590C00B89C85 /* Frameworks */,
				7B5950E82CDB58F000B89C85 /* Products */,
			);
			sourceTree = "<group>";
		};
		7B5950E82CDB58F000B89C85 /* Products */ = {
			isa = PBXGroup;
			children = (
				7B5950E72CDB58F000B89C85 /* FeatureTesting.framework */,
			);
			name = Products;
			sourceTree = "<group>";
		};
		7B5950F32CDB590C00B89C85 /* Frameworks */ = {
			isa = PBXGroup;
			children = (
				608ED9B22CED9E3F00A2577E /* PhotoGetherDomainTesting.framework */,
				608ED9AF2CED9E3900A2577E /* PhotoGetherDomainInterface.framework */,
				7B5950F42CDB590C00B89C85 /* EditPhotoRoomFeature.framework */,
				7B5950F52CDB590C00B89C85 /* PhotoRoomFeature.framework */,
				7B5950F62CDB590C00B89C85 /* SharePhotoFeature.framework */,
				7B5950F72CDB590C00B89C85 /* WaitingRoomFeature.framework */,
			);
			name = Frameworks;
			sourceTree = "<group>";
		};
/* End PBXGroup section */

/* Begin PBXHeadersBuildPhase section */
		7B5950E22CDB58F000B89C85 /* Headers */ = {
			isa = PBXHeadersBuildPhase;
			buildActionMask = 2147483647;
			files = (
			);
			runOnlyForDeploymentPostprocessing = 0;
		};
/* End PBXHeadersBuildPhase section */

/* Begin PBXNativeTarget section */
		7B5950E62CDB58F000B89C85 /* FeatureTesting */ = {
			isa = PBXNativeTarget;
			buildConfigurationList = 7B5950ED2CDB58F000B89C85 /* Build configuration list for PBXNativeTarget "FeatureTesting" */;
			buildPhases = (
				7B5950E22CDB58F000B89C85 /* Headers */,
				7B5950E32CDB58F000B89C85 /* Sources */,
				7B5950E42CDB58F000B89C85 /* Frameworks */,
				7B5950E52CDB58F000B89C85 /* Resources */,
				7B5951002CDB590C00B89C85 /* Embed Frameworks */,
			);
			buildRules = (
			);
			dependencies = (
			);
			fileSystemSynchronizedGroups = (
				7B1747142CE8EA1800E01D1A /* FeatureTesting */,
			);
			name = FeatureTesting;
			packageProductDependencies = (
			);
			productName = FeatureTesting;
			productReference = 7B5950E72CDB58F000B89C85 /* FeatureTesting.framework */;
			productType = "com.apple.product-type.framework";
		};
/* End PBXNativeTarget section */

/* Begin PBXProject section */
		7B5950DE2CDB58F000B89C85 /* Project object */ = {
			isa = PBXProject;
			attributes = {
				BuildIndependentTargetsInParallel = 1;
				LastUpgradeCheck = 1600;
				TargetAttributes = {
					7B5950E62CDB58F000B89C85 = {
						CreatedOnToolsVersion = 16.0;
					};
				};
			};
			buildConfigurationList = 7B5950E12CDB58F000B89C85 /* Build configuration list for PBXProject "FeatureTesting" */;
			developmentRegion = en;
			hasScannedForEncodings = 0;
			knownRegions = (
				en,
				Base,
			);
			mainGroup = 7B5950DD2CDB58F000B89C85;
			minimizedProjectReferenceProxies = 1;
			preferredProjectObjectVersion = 77;
			productRefGroup = 7B5950E82CDB58F000B89C85 /* Products */;
			projectDirPath = "";
			projectRoot = "";
			targets = (
				7B5950E62CDB58F000B89C85 /* FeatureTesting */,
			);
		};
/* End PBXProject section */

/* Begin PBXResourcesBuildPhase section */
		7B5950E52CDB58F000B89C85 /* Resources */ = {
			isa = PBXResourcesBuildPhase;
			buildActionMask = 2147483647;
			files = (
			);
			runOnlyForDeploymentPostprocessing = 0;
		};
/* End PBXResourcesBuildPhase section */

/* Begin PBXSourcesBuildPhase section */
		7B5950E32CDB58F000B89C85 /* Sources */ = {
			isa = PBXSourcesBuildPhase;
			buildActionMask = 2147483647;
			files = (
			);
			runOnlyForDeploymentPostprocessing = 0;
		};
/* End PBXSourcesBuildPhase section */

/* Begin XCBuildConfiguration section */
		7B5950EE2CDB58F000B89C85 /* Debug */ = {
			isa = XCBuildConfiguration;
			buildSettings = {
				BUILD_LIBRARY_FOR_DISTRIBUTION = YES;
				CODE_SIGN_STYLE = Automatic;
				CURRENT_PROJECT_VERSION = 1;
				DEFINES_MODULE = YES;
				DEVELOPMENT_TEAM = B3PWYBKFUK;
				DYLIB_COMPATIBILITY_VERSION = 1;
				DYLIB_CURRENT_VERSION = 1;
				DYLIB_INSTALL_NAME_BASE = "@rpath";
				ENABLE_MODULE_VERIFIER = YES;
				GENERATE_INFOPLIST_FILE = YES;
				INFOPLIST_KEY_NSHumanReadableCopyright = "";
				INSTALL_PATH = "$(LOCAL_LIBRARY_DIR)/Frameworks";
				IPHONEOS_DEPLOYMENT_TARGET = 16.0;
				LD_RUNPATH_SEARCH_PATHS = (
					"$(inherited)",
					"@executable_path/Frameworks",
					"@loader_path/Frameworks",
				);
				MARKETING_VERSION = 1.0;
				MODULE_VERIFIER_SUPPORTED_LANGUAGES = "objective-c objective-c++";
				MODULE_VERIFIER_SUPPORTED_LANGUAGE_STANDARDS = "gnu17 gnu++20";
				PRODUCT_BUNDLE_IDENTIFIER = kr.codesquad.boostcamp9.FeatureTesting;
				PRODUCT_NAME = "$(TARGET_NAME:c99extidentifier)";
				SKIP_INSTALL = YES;
				SUPPORTED_PLATFORMS = "iphoneos iphonesimulator";
				SUPPORTS_MACCATALYST = NO;
				SUPPORTS_MAC_DESIGNED_FOR_IPHONE_IPAD = NO;
				SUPPORTS_XR_DESIGNED_FOR_IPHONE_IPAD = NO;
				SWIFT_EMIT_LOC_STRINGS = YES;
				SWIFT_INSTALL_OBJC_HEADER = NO;
				SWIFT_VERSION = 5.0;
				TARGETED_DEVICE_FAMILY = 1;
			};
			name = Debug;
		};
		7B5950EF2CDB58F000B89C85 /* Release */ = {
			isa = XCBuildConfiguration;
			buildSettings = {
				BUILD_LIBRARY_FOR_DISTRIBUTION = YES;
				CODE_SIGN_STYLE = Automatic;
				CURRENT_PROJECT_VERSION = 1;
				DEFINES_MODULE = YES;
				DEVELOPMENT_TEAM = B3PWYBKFUK;
				DYLIB_COMPATIBILITY_VERSION = 1;
				DYLIB_CURRENT_VERSION = 1;
				DYLIB_INSTALL_NAME_BASE = "@rpath";
				ENABLE_MODULE_VERIFIER = YES;
				GENERATE_INFOPLIST_FILE = YES;
				INFOPLIST_KEY_NSHumanReadableCopyright = "";
				INSTALL_PATH = "$(LOCAL_LIBRARY_DIR)/Frameworks";
				IPHONEOS_DEPLOYMENT_TARGET = 16.0;
				LD_RUNPATH_SEARCH_PATHS = (
					"$(inherited)",
					"@executable_path/Frameworks",
					"@loader_path/Frameworks",
				);
				MARKETING_VERSION = 1.0;
				MODULE_VERIFIER_SUPPORTED_LANGUAGES = "objective-c objective-c++";
				MODULE_VERIFIER_SUPPORTED_LANGUAGE_STANDARDS = "gnu17 gnu++20";
				PRODUCT_BUNDLE_IDENTIFIER = kr.codesquad.boostcamp9.FeatureTesting;
				PRODUCT_NAME = "$(TARGET_NAME:c99extidentifier)";
				SKIP_INSTALL = YES;
				SUPPORTED_PLATFORMS = "iphoneos iphonesimulator";
				SUPPORTS_MACCATALYST = NO;
				SUPPORTS_MAC_DESIGNED_FOR_IPHONE_IPAD = NO;
				SUPPORTS_XR_DESIGNED_FOR_IPHONE_IPAD = NO;
				SWIFT_EMIT_LOC_STRINGS = YES;
				SWIFT_INSTALL_OBJC_HEADER = NO;
				SWIFT_VERSION = 5.0;
				TARGETED_DEVICE_FAMILY = 1;
			};
			name = Release;
		};
		7B5950F02CDB58F000B89C85 /* Debug */ = {
			isa = XCBuildConfiguration;
			buildSettings = {
				ALWAYS_SEARCH_USER_PATHS = NO;
				ASSETCATALOG_COMPILER_GENERATE_SWIFT_ASSET_SYMBOL_EXTENSIONS = YES;
				CLANG_ANALYZER_NONNULL = YES;
				CLANG_ANALYZER_NUMBER_OBJECT_CONVERSION = YES_AGGRESSIVE;
				CLANG_CXX_LANGUAGE_STANDARD = "gnu++20";
				CLANG_ENABLE_MODULES = YES;
				CLANG_ENABLE_OBJC_ARC = YES;
				CLANG_ENABLE_OBJC_WEAK = YES;
				CLANG_WARN_BLOCK_CAPTURE_AUTORELEASING = YES;
				CLANG_WARN_BOOL_CONVERSION = YES;
				CLANG_WARN_COMMA = YES;
				CLANG_WARN_CONSTANT_CONVERSION = YES;
				CLANG_WARN_DEPRECATED_OBJC_IMPLEMENTATIONS = YES;
				CLANG_WARN_DIRECT_OBJC_ISA_USAGE = YES_ERROR;
				CLANG_WARN_DOCUMENTATION_COMMENTS = YES;
				CLANG_WARN_EMPTY_BODY = YES;
				CLANG_WARN_ENUM_CONVERSION = YES;
				CLANG_WARN_INFINITE_RECURSION = YES;
				CLANG_WARN_INT_CONVERSION = YES;
				CLANG_WARN_NON_LITERAL_NULL_CONVERSION = YES;
				CLANG_WARN_OBJC_IMPLICIT_RETAIN_SELF = YES;
				CLANG_WARN_OBJC_LITERAL_CONVERSION = YES;
				CLANG_WARN_OBJC_ROOT_CLASS = YES_ERROR;
				CLANG_WARN_QUOTED_INCLUDE_IN_FRAMEWORK_HEADER = YES;
				CLANG_WARN_RANGE_LOOP_ANALYSIS = YES;
				CLANG_WARN_STRICT_PROTOTYPES = YES;
				CLANG_WARN_SUSPICIOUS_MOVE = YES;
				CLANG_WARN_UNGUARDED_AVAILABILITY = YES_AGGRESSIVE;
				CLANG_WARN_UNREACHABLE_CODE = YES;
				CLANG_WARN__DUPLICATE_METHOD_MATCH = YES;
				COPY_PHASE_STRIP = NO;
				CURRENT_PROJECT_VERSION = 1;
				DEBUG_INFORMATION_FORMAT = dwarf;
				ENABLE_STRICT_OBJC_MSGSEND = YES;
				ENABLE_TESTABILITY = YES;
				ENABLE_USER_SCRIPT_SANDBOXING = YES;
				GCC_C_LANGUAGE_STANDARD = gnu17;
				GCC_DYNAMIC_NO_PIC = NO;
				GCC_NO_COMMON_BLOCKS = YES;
				GCC_OPTIMIZATION_LEVEL = 0;
				GCC_PREPROCESSOR_DEFINITIONS = (
					"DEBUG=1",
					"$(inherited)",
				);
				GCC_WARN_64_TO_32_BIT_CONVERSION = YES;
				GCC_WARN_ABOUT_RETURN_TYPE = YES_ERROR;
				GCC_WARN_UNDECLARED_SELECTOR = YES;
				GCC_WARN_UNINITIALIZED_AUTOS = YES_AGGRESSIVE;
				GCC_WARN_UNUSED_FUNCTION = YES;
				GCC_WARN_UNUSED_VARIABLE = YES;
				IPHONEOS_DEPLOYMENT_TARGET = 18.0;
				LOCALIZATION_PREFERS_STRING_CATALOGS = YES;
				MTL_ENABLE_DEBUG_INFO = INCLUDE_SOURCE;
				MTL_FAST_MATH = YES;
				ONLY_ACTIVE_ARCH = YES;
				SDKROOT = iphoneos;
				SWIFT_ACTIVE_COMPILATION_CONDITIONS = "DEBUG $(inherited)";
				SWIFT_OPTIMIZATION_LEVEL = "-Onone";
				VERSIONING_SYSTEM = "apple-generic";
				VERSION_INFO_PREFIX = "";
			};
			name = Debug;
		};
		7B5950F12CDB58F000B89C85 /* Release */ = {
			isa = XCBuildConfiguration;
			buildSettings = {
				ALWAYS_SEARCH_USER_PATHS = NO;
				ASSETCATALOG_COMPILER_GENERATE_SWIFT_ASSET_SYMBOL_EXTENSIONS = YES;
				CLANG_ANALYZER_NONNULL = YES;
				CLANG_ANALYZER_NUMBER_OBJECT_CONVERSION = YES_AGGRESSIVE;
				CLANG_CXX_LANGUAGE_STANDARD = "gnu++20";
				CLANG_ENABLE_MODULES = YES;
				CLANG_ENABLE_OBJC_ARC = YES;
				CLANG_ENABLE_OBJC_WEAK = YES;
				CLANG_WARN_BLOCK_CAPTURE_AUTORELEASING = YES;
				CLANG_WARN_BOOL_CONVERSION = YES;
				CLANG_WARN_COMMA = YES;
				CLANG_WARN_CONSTANT_CONVERSION = YES;
				CLANG_WARN_DEPRECATED_OBJC_IMPLEMENTATIONS = YES;
				CLANG_WARN_DIRECT_OBJC_ISA_USAGE = YES_ERROR;
				CLANG_WARN_DOCUMENTATION_COMMENTS = YES;
				CLANG_WARN_EMPTY_BODY = YES;
				CLANG_WARN_ENUM_CONVERSION = YES;
				CLANG_WARN_INFINITE_RECURSION = YES;
				CLANG_WARN_INT_CONVERSION = YES;
				CLANG_WARN_NON_LITERAL_NULL_CONVERSION = YES;
				CLANG_WARN_OBJC_IMPLICIT_RETAIN_SELF = YES;
				CLANG_WARN_OBJC_LITERAL_CONVERSION = YES;
				CLANG_WARN_OBJC_ROOT_CLASS = YES_ERROR;
				CLANG_WARN_QUOTED_INCLUDE_IN_FRAMEWORK_HEADER = YES;
				CLANG_WARN_RANGE_LOOP_ANALYSIS = YES;
				CLANG_WARN_STRICT_PROTOTYPES = YES;
				CLANG_WARN_SUSPICIOUS_MOVE = YES;
				CLANG_WARN_UNGUARDED_AVAILABILITY = YES_AGGRESSIVE;
				CLANG_WARN_UNREACHABLE_CODE = YES;
				CLANG_WARN__DUPLICATE_METHOD_MATCH = YES;
				COPY_PHASE_STRIP = NO;
				CURRENT_PROJECT_VERSION = 1;
				DEBUG_INFORMATION_FORMAT = "dwarf-with-dsym";
				ENABLE_NS_ASSERTIONS = NO;
				ENABLE_STRICT_OBJC_MSGSEND = YES;
				ENABLE_USER_SCRIPT_SANDBOXING = YES;
				GCC_C_LANGUAGE_STANDARD = gnu17;
				GCC_NO_COMMON_BLOCKS = YES;
				GCC_WARN_64_TO_32_BIT_CONVERSION = YES;
				GCC_WARN_ABOUT_RETURN_TYPE = YES_ERROR;
				GCC_WARN_UNDECLARED_SELECTOR = YES;
				GCC_WARN_UNINITIALIZED_AUTOS = YES_AGGRESSIVE;
				GCC_WARN_UNUSED_FUNCTION = YES;
				GCC_WARN_UNUSED_VARIABLE = YES;
				IPHONEOS_DEPLOYMENT_TARGET = 18.0;
				LOCALIZATION_PREFERS_STRING_CATALOGS = YES;
				MTL_ENABLE_DEBUG_INFO = NO;
				MTL_FAST_MATH = YES;
				SDKROOT = iphoneos;
				SWIFT_COMPILATION_MODE = wholemodule;
				VALIDATE_PRODUCT = YES;
				VERSIONING_SYSTEM = "apple-generic";
				VERSION_INFO_PREFIX = "";
			};
			name = Release;
		};
/* End XCBuildConfiguration section */

/* Begin XCConfigurationList section */
		7B5950E12CDB58F000B89C85 /* Build configuration list for PBXProject "FeatureTesting" */ = {
			isa = XCConfigurationList;
			buildConfigurations = (
				7B5950F02CDB58F000B89C85 /* Debug */,
				7B5950F12CDB58F000B89C85 /* Release */,
			);
			defaultConfigurationIsVisible = 0;
			defaultConfigurationName = Release;
		};
		7B5950ED2CDB58F000B89C85 /* Build configuration list for PBXNativeTarget "FeatureTesting" */ = {
			isa = XCConfigurationList;
			buildConfigurations = (
				7B5950EE2CDB58F000B89C85 /* Debug */,
				7B5950EF2CDB58F000B89C85 /* Release */,
			);
			defaultConfigurationIsVisible = 0;
			defaultConfigurationName = Release;
		};
/* End XCConfigurationList section */
	};
	rootObject = 7B5950DE2CDB58F000B89C85 /* Project object */;
}
