// !$*UTF8*$!
{
	archiveVersion = 1;
	classes = {
	};
	objectVersion = 77;
	objects = {

/* Begin PBXBuildFile section */
		053985F22CDC9DFB00E709AC /* WebSocketClient.swift in Sources */ = {isa = PBXBuildFile; fileRef = 053985F12CDC9DFB00E709AC /* WebSocketClient.swift */; };
		053985F42CDC9E7700E709AC /* WebSocketClientDelegate.swift in Sources */ = {isa = PBXBuildFile; fileRef = 053985F32CDC9E7700E709AC /* WebSocketClientDelegate.swift */; };
		053985F82CDCA4E100E709AC /* SignalingClient.swift in Sources */ = {isa = PBXBuildFile; fileRef = 053985F72CDCA4E100E709AC /* SignalingClient.swift */; };
		053985FA2CDCA54700E709AC /* SignalingMessage.swift in Sources */ = {isa = PBXBuildFile; fileRef = 053985F92CDCA54700E709AC /* SignalingMessage.swift */; };
		053986012CDCA8DB00E709AC /* SessionDescription.swift in Sources */ = {isa = PBXBuildFile; fileRef = 053985FF2CDCA8DB00E709AC /* SessionDescription.swift */; };
		053986022CDCA8DB00E709AC /* IceCandidate.swift in Sources */ = {isa = PBXBuildFile; fileRef = 053986002CDCA8DB00E709AC /* IceCandidate.swift */; };
		7B031B392CDE34210026C613 /* SignalingClientDelegate.swift in Sources */ = {isa = PBXBuildFile; fileRef = 7B031B382CDE34210026C613 /* SignalingClientDelegate.swift */; };
		7B031B3B2CDE34B00026C613 /* WebRTCClient.swift in Sources */ = {isa = PBXBuildFile; fileRef = 7B031B3A2CDE34AB0026C613 /* WebRTCClient.swift */; };
		7B031B3D2CDE34C10026C613 /* WebRTCClientDelegate.swift in Sources */ = {isa = PBXBuildFile; fileRef = 7B031B3C2CDE34C10026C613 /* WebRTCClientDelegate.swift */; };
		7B41B45F2CE219CB008D8ADA /* ConnectionClient.swift in Sources */ = {isa = PBXBuildFile; fileRef = 7B41B45E2CE219AF008D8ADA /* ConnectionClient.swift */; };
/* End PBXBuildFile section */

/* Begin PBXFileReference section */
		053985F12CDC9DFB00E709AC /* WebSocketClient.swift */ = {isa = PBXFileReference; lastKnownFileType = sourcecode.swift; path = WebSocketClient.swift; sourceTree = "<group>"; };
		053985F32CDC9E7700E709AC /* WebSocketClientDelegate.swift */ = {isa = PBXFileReference; lastKnownFileType = sourcecode.swift; path = WebSocketClientDelegate.swift; sourceTree = "<group>"; };
		053985F72CDCA4E100E709AC /* SignalingClient.swift */ = {isa = PBXFileReference; lastKnownFileType = sourcecode.swift; path = SignalingClient.swift; sourceTree = "<group>"; };
		053985F92CDCA54700E709AC /* SignalingMessage.swift */ = {isa = PBXFileReference; lastKnownFileType = sourcecode.swift; path = SignalingMessage.swift; sourceTree = "<group>"; };
		053985FF2CDCA8DB00E709AC /* SessionDescription.swift */ = {isa = PBXFileReference; lastKnownFileType = sourcecode.swift; path = SessionDescription.swift; sourceTree = "<group>"; };
		053986002CDCA8DB00E709AC /* IceCandidate.swift */ = {isa = PBXFileReference; lastKnownFileType = sourcecode.swift; path = IceCandidate.swift; sourceTree = "<group>"; };
		60EB7BAA2CDB9EBD00018E94 /* PhotoGetherNetwork.framework */ = {isa = PBXFileReference; explicitFileType = wrapper.framework; includeInIndex = 0; path = PhotoGetherNetwork.framework; sourceTree = BUILT_PRODUCTS_DIR; };
		60F77C1A2CDB9FA1002630F0 /* DataUtility.framework */ = {isa = PBXFileReference; explicitFileType = wrapper.framework; path = DataUtility.framework; sourceTree = BUILT_PRODUCTS_DIR; };
		7B031B382CDE34210026C613 /* SignalingClientDelegate.swift */ = {isa = PBXFileReference; lastKnownFileType = sourcecode.swift; path = SignalingClientDelegate.swift; sourceTree = "<group>"; };
		7B031B3A2CDE34AB0026C613 /* WebRTCClient.swift */ = {isa = PBXFileReference; lastKnownFileType = sourcecode.swift; path = WebRTCClient.swift; sourceTree = "<group>"; };
		7B031B3C2CDE34C10026C613 /* WebRTCClientDelegate.swift */ = {isa = PBXFileReference; lastKnownFileType = sourcecode.swift; path = WebRTCClientDelegate.swift; sourceTree = "<group>"; };
		7B41B45E2CE219AF008D8ADA /* ConnectionClient.swift */ = {isa = PBXFileReference; lastKnownFileType = sourcecode.swift; path = ConnectionClient.swift; sourceTree = "<group>"; };
/* End PBXFileReference section */

/* Begin PBXFrameworksBuildPhase section */
		60EB7BA72CDB9EBD00018E94 /* Frameworks */ = {
			isa = PBXFrameworksBuildPhase;
			buildActionMask = 2147483647;
			files = (
			);
			runOnlyForDeploymentPostprocessing = 0;
		};
/* End PBXFrameworksBuildPhase section */

/* Begin PBXGroup section */
		60EB7BA02CDB9EBD00018E94 = {
			isa = PBXGroup;
			children = (
				60EB7BB82CDB9ED000018E94 /* PhotoGetherNetwork */,
				60F77C192CDB9FA1002630F0 /* Frameworks */,
				60EB7BAB2CDB9EBD00018E94 /* Products */,
			);
			sourceTree = "<group>";
		};
		60EB7BAB2CDB9EBD00018E94 /* Products */ = {
			isa = PBXGroup;
			children = (
				60EB7BAA2CDB9EBD00018E94 /* PhotoGetherNetwork.framework */,
			);
			name = Products;
			sourceTree = "<group>";
		};
		60EB7BB82CDB9ED000018E94 /* PhotoGetherNetwork */ = {
			isa = PBXGroup;
			children = (
				053985F32CDC9E7700E709AC /* WebSocketClientDelegate.swift */,
				7B031B382CDE34210026C613 /* SignalingClientDelegate.swift */,
				7B031B3C2CDE34C10026C613 /* WebRTCClientDelegate.swift */,
				053985FF2CDCA8DB00E709AC /* SessionDescription.swift */,
				053986002CDCA8DB00E709AC /* IceCandidate.swift */,
				053985F92CDCA54700E709AC /* SignalingMessage.swift */,
				053985F12CDC9DFB00E709AC /* WebSocketClient.swift */,
				053985F72CDCA4E100E709AC /* SignalingClient.swift */,
				7B031B3A2CDE34AB0026C613 /* WebRTCClient.swift */,
				7B41B45E2CE219AF008D8ADA /* ConnectionClient.swift */,
			);
			path = PhotoGetherNetwork;
			sourceTree = "<group>";
		};
		60F77C192CDB9FA1002630F0 /* Frameworks */ = {
			isa = PBXGroup;
			children = (
				60F77C1A2CDB9FA1002630F0 /* DataUtility.framework */,
			);
			name = Frameworks;
			sourceTree = "<group>";
		};
/* End PBXGroup section */

/* Begin PBXHeadersBuildPhase section */
		60EB7BA52CDB9EBD00018E94 /* Headers */ = {
			isa = PBXHeadersBuildPhase;
			buildActionMask = 2147483647;
			files = (
			);
			runOnlyForDeploymentPostprocessing = 0;
		};
/* End PBXHeadersBuildPhase section */

/* Begin PBXNativeTarget section */
		60EB7BA92CDB9EBD00018E94 /* PhotoGetherNetwork */ = {
			isa = PBXNativeTarget;
			buildConfigurationList = 60EB7BB02CDB9EBD00018E94 /* Build configuration list for PBXNativeTarget "PhotoGetherNetwork" */;
			buildPhases = (
				60EB7BA52CDB9EBD00018E94 /* Headers */,
				60EB7BA62CDB9EBD00018E94 /* Sources */,
				60EB7BA72CDB9EBD00018E94 /* Frameworks */,
				60EB7BA82CDB9EBD00018E94 /* Resources */,
			);
			buildRules = (
			);
			dependencies = (
			);
			name = PhotoGetherNetwork;
			packageProductDependencies = (
			);
			productName = PhotoGetherNetwork;
			productReference = 60EB7BAA2CDB9EBD00018E94 /* PhotoGetherNetwork.framework */;
			productType = "com.apple.product-type.framework";
		};
/* End PBXNativeTarget section */

/* Begin PBXProject section */
		60EB7BA12CDB9EBD00018E94 /* Project object */ = {
			isa = PBXProject;
			attributes = {
				BuildIndependentTargetsInParallel = 1;
				LastUpgradeCheck = 1600;
				TargetAttributes = {
					60EB7BA92CDB9EBD00018E94 = {
						CreatedOnToolsVersion = 16.0;
						LastSwiftMigration = 1600;
					};
				};
			};
			buildConfigurationList = 60EB7BA42CDB9EBD00018E94 /* Build configuration list for PBXProject "PhotoGetherNetwork" */;
			developmentRegion = en;
			hasScannedForEncodings = 0;
			knownRegions = (
				en,
				Base,
			);
			mainGroup = 60EB7BA02CDB9EBD00018E94;
			minimizedProjectReferenceProxies = 1;
			preferredProjectObjectVersion = 77;
			productRefGroup = 60EB7BAB2CDB9EBD00018E94 /* Products */;
			projectDirPath = "";
			projectRoot = "";
			targets = (
				60EB7BA92CDB9EBD00018E94 /* PhotoGetherNetwork */,
			);
		};
/* End PBXProject section */

/* Begin PBXResourcesBuildPhase section */
		60EB7BA82CDB9EBD00018E94 /* Resources */ = {
			isa = PBXResourcesBuildPhase;
			buildActionMask = 2147483647;
			files = (
			);
			runOnlyForDeploymentPostprocessing = 0;
		};
/* End PBXResourcesBuildPhase section */

/* Begin PBXSourcesBuildPhase section */
		60EB7BA62CDB9EBD00018E94 /* Sources */ = {
			isa = PBXSourcesBuildPhase;
			buildActionMask = 2147483647;
			files = (
				053985F42CDC9E7700E709AC /* WebSocketClientDelegate.swift in Sources */,
				053985FA2CDCA54700E709AC /* SignalingMessage.swift in Sources */,
				053985F82CDCA4E100E709AC /* SignalingClient.swift in Sources */,
				7B031B3B2CDE34B00026C613 /* WebRTCClient.swift in Sources */,
				7B41B45F2CE219CB008D8ADA /* ConnectionClient.swift in Sources */,
				7B031B3D2CDE34C10026C613 /* WebRTCClientDelegate.swift in Sources */,
				053985F22CDC9DFB00E709AC /* WebSocketClient.swift in Sources */,
				053986012CDCA8DB00E709AC /* SessionDescription.swift in Sources */,
				053986022CDCA8DB00E709AC /* IceCandidate.swift in Sources */,
				7B031B392CDE34210026C613 /* SignalingClientDelegate.swift in Sources */,
			);
			runOnlyForDeploymentPostprocessing = 0;
		};
/* End PBXSourcesBuildPhase section */

/* Begin XCBuildConfiguration section */
		60EB7BB12CDB9EBD00018E94 /* Debug */ = {
			isa = XCBuildConfiguration;
			buildSettings = {
				BUILD_LIBRARY_FOR_DISTRIBUTION = YES;
				CLANG_ENABLE_MODULES = YES;
				CODE_SIGN_STYLE = Automatic;
				CURRENT_PROJECT_VERSION = 1;
				DEFINES_MODULE = YES;
				DEVELOPMENT_TEAM = B3PWYBKFUK;
				DYLIB_COMPATIBILITY_VERSION = 1;
				DYLIB_CURRENT_VERSION = 1;
				DYLIB_INSTALL_NAME_BASE = "@rpath";
				ENABLE_MODULE_VERIFIER = YES;
				GENERATE_INFOPLIST_FILE = YES;
				INFOPLIST_KEY_NSHumanReadableCopyright = "";
				INSTALL_PATH = "$(LOCAL_LIBRARY_DIR)/Frameworks";
				IPHONEOS_DEPLOYMENT_TARGET = 16.0;
				LD_RUNPATH_SEARCH_PATHS = (
					"$(inherited)",
					"@executable_path/Frameworks",
					"@loader_path/Frameworks",
				);
				MARKETING_VERSION = 1.0;
				MODULE_VERIFIER_SUPPORTED_LANGUAGES = "objective-c objective-c++";
				MODULE_VERIFIER_SUPPORTED_LANGUAGE_STANDARDS = "gnu17 gnu++20";
				PRODUCT_BUNDLE_IDENTIFIER = kr.codesquad.boostcamp9.PhotoGetherNetwork;
				PRODUCT_NAME = "$(TARGET_NAME:c99extidentifier)";
				SKIP_INSTALL = YES;
				SUPPORTED_PLATFORMS = "iphoneos iphonesimulator";
				SUPPORTS_MACCATALYST = NO;
				SUPPORTS_MAC_DESIGNED_FOR_IPHONE_IPAD = NO;
				SUPPORTS_XR_DESIGNED_FOR_IPHONE_IPAD = NO;
				SWIFT_EMIT_LOC_STRINGS = YES;
				SWIFT_INSTALL_OBJC_HEADER = NO;
				SWIFT_OPTIMIZATION_LEVEL = "-Onone";
				SWIFT_VERSION = 5.0;
				TARGETED_DEVICE_FAMILY = 1;
			};
			name = Debug;
		};
		60EB7BB22CDB9EBD00018E94 /* Release */ = {
			isa = XCBuildConfiguration;
			buildSettings = {
				BUILD_LIBRARY_FOR_DISTRIBUTION = YES;
				CLANG_ENABLE_MODULES = YES;
				CODE_SIGN_STYLE = Automatic;
				CURRENT_PROJECT_VERSION = 1;
				DEFINES_MODULE = YES;
				DEVELOPMENT_TEAM = B3PWYBKFUK;
				DYLIB_COMPATIBILITY_VERSION = 1;
				DYLIB_CURRENT_VERSION = 1;
				DYLIB_INSTALL_NAME_BASE = "@rpath";
				ENABLE_MODULE_VERIFIER = YES;
				GENERATE_INFOPLIST_FILE = YES;
				INFOPLIST_KEY_NSHumanReadableCopyright = "";
				INSTALL_PATH = "$(LOCAL_LIBRARY_DIR)/Frameworks";
				IPHONEOS_DEPLOYMENT_TARGET = 16.0;
				LD_RUNPATH_SEARCH_PATHS = (
					"$(inherited)",
					"@executable_path/Frameworks",
					"@loader_path/Frameworks",
				);
				MARKETING_VERSION = 1.0;
				MODULE_VERIFIER_SUPPORTED_LANGUAGES = "objective-c objective-c++";
				MODULE_VERIFIER_SUPPORTED_LANGUAGE_STANDARDS = "gnu17 gnu++20";
				PRODUCT_BUNDLE_IDENTIFIER = kr.codesquad.boostcamp9.PhotoGetherNetwork;
				PRODUCT_NAME = "$(TARGET_NAME:c99extidentifier)";
				SKIP_INSTALL = YES;
				SUPPORTED_PLATFORMS = "iphoneos iphonesimulator";
				SUPPORTS_MACCATALYST = NO;
				SUPPORTS_MAC_DESIGNED_FOR_IPHONE_IPAD = NO;
				SUPPORTS_XR_DESIGNED_FOR_IPHONE_IPAD = NO;
				SWIFT_EMIT_LOC_STRINGS = YES;
				SWIFT_INSTALL_OBJC_HEADER = NO;
				SWIFT_VERSION = 5.0;
				TARGETED_DEVICE_FAMILY = 1;
			};
			name = Release;
		};
		60EB7BB32CDB9EBD00018E94 /* Debug */ = {
			isa = XCBuildConfiguration;
			buildSettings = {
				ALWAYS_SEARCH_USER_PATHS = NO;
				ASSETCATALOG_COMPILER_GENERATE_SWIFT_ASSET_SYMBOL_EXTENSIONS = YES;
				CLANG_ANALYZER_NONNULL = YES;
				CLANG_ANALYZER_NUMBER_OBJECT_CONVERSION = YES_AGGRESSIVE;
				CLANG_CXX_LANGUAGE_STANDARD = "gnu++20";
				CLANG_ENABLE_MODULES = YES;
				CLANG_ENABLE_OBJC_ARC = YES;
				CLANG_ENABLE_OBJC_WEAK = YES;
				CLANG_WARN_BLOCK_CAPTURE_AUTORELEASING = YES;
				CLANG_WARN_BOOL_CONVERSION = YES;
				CLANG_WARN_COMMA = YES;
				CLANG_WARN_CONSTANT_CONVERSION = YES;
				CLANG_WARN_DEPRECATED_OBJC_IMPLEMENTATIONS = YES;
				CLANG_WARN_DIRECT_OBJC_ISA_USAGE = YES_ERROR;
				CLANG_WARN_DOCUMENTATION_COMMENTS = YES;
				CLANG_WARN_EMPTY_BODY = YES;
				CLANG_WARN_ENUM_CONVERSION = YES;
				CLANG_WARN_INFINITE_RECURSION = YES;
				CLANG_WARN_INT_CONVERSION = YES;
				CLANG_WARN_NON_LITERAL_NULL_CONVERSION = YES;
				CLANG_WARN_OBJC_IMPLICIT_RETAIN_SELF = YES;
				CLANG_WARN_OBJC_LITERAL_CONVERSION = YES;
				CLANG_WARN_OBJC_ROOT_CLASS = YES_ERROR;
				CLANG_WARN_QUOTED_INCLUDE_IN_FRAMEWORK_HEADER = YES;
				CLANG_WARN_RANGE_LOOP_ANALYSIS = YES;
				CLANG_WARN_STRICT_PROTOTYPES = YES;
				CLANG_WARN_SUSPICIOUS_MOVE = YES;
				CLANG_WARN_UNGUARDED_AVAILABILITY = YES_AGGRESSIVE;
				CLANG_WARN_UNREACHABLE_CODE = YES;
				CLANG_WARN__DUPLICATE_METHOD_MATCH = YES;
				COPY_PHASE_STRIP = NO;
				CURRENT_PROJECT_VERSION = 1;
				DEBUG_INFORMATION_FORMAT = dwarf;
				ENABLE_STRICT_OBJC_MSGSEND = YES;
				ENABLE_TESTABILITY = YES;
				ENABLE_USER_SCRIPT_SANDBOXING = YES;
				GCC_C_LANGUAGE_STANDARD = gnu17;
				GCC_DYNAMIC_NO_PIC = NO;
				GCC_NO_COMMON_BLOCKS = YES;
				GCC_OPTIMIZATION_LEVEL = 0;
				GCC_PREPROCESSOR_DEFINITIONS = (
					"DEBUG=1",
					"$(inherited)",
				);
				GCC_WARN_64_TO_32_BIT_CONVERSION = YES;
				GCC_WARN_ABOUT_RETURN_TYPE = YES_ERROR;
				GCC_WARN_UNDECLARED_SELECTOR = YES;
				GCC_WARN_UNINITIALIZED_AUTOS = YES_AGGRESSIVE;
				GCC_WARN_UNUSED_FUNCTION = YES;
				GCC_WARN_UNUSED_VARIABLE = YES;
				IPHONEOS_DEPLOYMENT_TARGET = 18.0;
				LOCALIZATION_PREFERS_STRING_CATALOGS = YES;
				MTL_ENABLE_DEBUG_INFO = INCLUDE_SOURCE;
				MTL_FAST_MATH = YES;
				ONLY_ACTIVE_ARCH = YES;
				SDKROOT = iphoneos;
				SWIFT_ACTIVE_COMPILATION_CONDITIONS = "DEBUG $(inherited)";
				SWIFT_OPTIMIZATION_LEVEL = "-Onone";
				VERSIONING_SYSTEM = "apple-generic";
				VERSION_INFO_PREFIX = "";
			};
			name = Debug;
		};
		60EB7BB42CDB9EBD00018E94 /* Release */ = {
			isa = XCBuildConfiguration;
			buildSettings = {
				ALWAYS_SEARCH_USER_PATHS = NO;
				ASSETCATALOG_COMPILER_GENERATE_SWIFT_ASSET_SYMBOL_EXTENSIONS = YES;
				CLANG_ANALYZER_NONNULL = YES;
				CLANG_ANALYZER_NUMBER_OBJECT_CONVERSION = YES_AGGRESSIVE;
				CLANG_CXX_LANGUAGE_STANDARD = "gnu++20";
				CLANG_ENABLE_MODULES = YES;
				CLANG_ENABLE_OBJC_ARC = YES;
				CLANG_ENABLE_OBJC_WEAK = YES;
				CLANG_WARN_BLOCK_CAPTURE_AUTORELEASING = YES;
				CLANG_WARN_BOOL_CONVERSION = YES;
				CLANG_WARN_COMMA = YES;
				CLANG_WARN_CONSTANT_CONVERSION = YES;
				CLANG_WARN_DEPRECATED_OBJC_IMPLEMENTATIONS = YES;
				CLANG_WARN_DIRECT_OBJC_ISA_USAGE = YES_ERROR;
				CLANG_WARN_DOCUMENTATION_COMMENTS = YES;
				CLANG_WARN_EMPTY_BODY = YES;
				CLANG_WARN_ENUM_CONVERSION = YES;
				CLANG_WARN_INFINITE_RECURSION = YES;
				CLANG_WARN_INT_CONVERSION = YES;
				CLANG_WARN_NON_LITERAL_NULL_CONVERSION = YES;
				CLANG_WARN_OBJC_IMPLICIT_RETAIN_SELF = YES;
				CLANG_WARN_OBJC_LITERAL_CONVERSION = YES;
				CLANG_WARN_OBJC_ROOT_CLASS = YES_ERROR;
				CLANG_WARN_QUOTED_INCLUDE_IN_FRAMEWORK_HEADER = YES;
				CLANG_WARN_RANGE_LOOP_ANALYSIS = YES;
				CLANG_WARN_STRICT_PROTOTYPES = YES;
				CLANG_WARN_SUSPICIOUS_MOVE = YES;
				CLANG_WARN_UNGUARDED_AVAILABILITY = YES_AGGRESSIVE;
				CLANG_WARN_UNREACHABLE_CODE = YES;
				CLANG_WARN__DUPLICATE_METHOD_MATCH = YES;
				COPY_PHASE_STRIP = NO;
				CURRENT_PROJECT_VERSION = 1;
				DEBUG_INFORMATION_FORMAT = "dwarf-with-dsym";
				ENABLE_NS_ASSERTIONS = NO;
				ENABLE_STRICT_OBJC_MSGSEND = YES;
				ENABLE_USER_SCRIPT_SANDBOXING = YES;
				GCC_C_LANGUAGE_STANDARD = gnu17;
				GCC_NO_COMMON_BLOCKS = YES;
				GCC_WARN_64_TO_32_BIT_CONVERSION = YES;
				GCC_WARN_ABOUT_RETURN_TYPE = YES_ERROR;
				GCC_WARN_UNDECLARED_SELECTOR = YES;
				GCC_WARN_UNINITIALIZED_AUTOS = YES_AGGRESSIVE;
				GCC_WARN_UNUSED_FUNCTION = YES;
				GCC_WARN_UNUSED_VARIABLE = YES;
				IPHONEOS_DEPLOYMENT_TARGET = 18.0;
				LOCALIZATION_PREFERS_STRING_CATALOGS = YES;
				MTL_ENABLE_DEBUG_INFO = NO;
				MTL_FAST_MATH = YES;
				SDKROOT = iphoneos;
				SWIFT_COMPILATION_MODE = wholemodule;
				VALIDATE_PRODUCT = YES;
				VERSIONING_SYSTEM = "apple-generic";
				VERSION_INFO_PREFIX = "";
			};
			name = Release;
		};
/* End XCBuildConfiguration section */

/* Begin XCConfigurationList section */
		60EB7BA42CDB9EBD00018E94 /* Build configuration list for PBXProject "PhotoGetherNetwork" */ = {
			isa = XCConfigurationList;
			buildConfigurations = (
				60EB7BB32CDB9EBD00018E94 /* Debug */,
				60EB7BB42CDB9EBD00018E94 /* Release */,
			);
			defaultConfigurationIsVisible = 0;
			defaultConfigurationName = Release;
		};
		60EB7BB02CDB9EBD00018E94 /* Build configuration list for PBXNativeTarget "PhotoGetherNetwork" */ = {
			isa = XCConfigurationList;
			buildConfigurations = (
				60EB7BB12CDB9EBD00018E94 /* Debug */,
				60EB7BB22CDB9EBD00018E94 /* Release */,
			);
			defaultConfigurationIsVisible = 0;
			defaultConfigurationName = Release;
		};
/* End XCConfigurationList section */
	};
	rootObject = 60EB7BA12CDB9EBD00018E94 /* Project object */;
}
